
Microsoft Visual Studio Solution File, Format Version 12.00
# Visual Studio Version 16
VisualStudioVersion = 16.0.31702.278
MinimumVisualStudioVersion = 10.0.40219.1
Project("{FAE04EC0-301F-11D3-BF4B-00C04F79EFBC}") = "PhanMemQuanLySinhVien", "PhanMemQuanLySinhVien\PhanMemQuanLySinhVien.csproj", "{AA973FB6-D993-465C-81F0-77DDBCE242D0}"
EndProject
Global
	GlobalSection(SolutionConfigurationPlatforms) = preSolution
		Debug|Any CPU = Debug|Any CPU
		Release|Any CPU = Release|Any CPU
	EndGlobalSection
	GlobalSection(ProjectConfigurationPlatforms) = postSolution
		{AA973FB6-D993-465C-81F0-77DDBCE242D0}.Debug|Any CPU.ActiveCfg = Debug|Any CPU
		{AA973FB6-D993-465C-81F0-77DDBCE242D0}.Debug|Any CPU.Build.0 = Debug|Any CPU
		{AA973FB6-D993-465C-81F0-77DDBCE242D0}.Release|Any CPU.ActiveCfg = Release|Any CPU
		{AA973FB6-D993-465C-81F0-77DDBCE242D0}.Release|Any CPU.Build.0 = Release|Any CPU
	EndGlobalSection
	GlobalSection(SolutionProperties) = preSolution
		HideSolutionNode = FALSE
	EndGlobalSection
	GlobalSection(ExtensibilityGlobals) = postSolution
		SolutionGuid = {5DC16795-761D-49E1-A533-C6BA08454F57}
	EndGlobalSection
EndGlobal
